
Microsoft Visual Studio Solution File, Format Version 12.00
# Visual Studio Version 17
VisualStudioVersion = 17.13.35919.96 d17.13
MinimumVisualStudioVersion = 10.0.40219.1
Project("{FAE04EC0-301F-11D3-BF4B-00C04F79EFBC}") = "5.Mostenire", "5.Mostenire\5.Mostenire.csproj", "{36B833EF-F94D-423B-B0C9-1B46E1BDB7A3}"
EndProject
Global
	GlobalSection(SolutionConfigurationPlatforms) = preSolution
		Debug|Any CPU = Debug|Any CPU
		Release|Any CPU = Release|Any CPU
	EndGlobalSection
	GlobalSection(ProjectConfigurationPlatforms) = postSolution
		{36B833EF-F94D-423B-B0C9-1B46E1BDB7A3}.Debug|Any CPU.ActiveCfg = Debug|Any CPU
		{36B833EF-F94D-423B-B0C9-1B46E1BDB7A3}.Debug|Any CPU.Build.0 = Debug|Any CPU
		{36B833EF-F94D-423B-B0C9-1B46E1BDB7A3}.Release|Any CPU.ActiveCfg = Release|Any CPU
		{36B833EF-F94D-423B-B0C9-1B46E1BDB7A3}.Release|Any CPU.Build.0 = Release|Any CPU
	EndGlobalSection
	GlobalSection(SolutionProperties) = preSolution
		HideSolutionNode = FALSE
	EndGlobalSection
	GlobalSection(ExtensibilityGlobals) = postSolution
		SolutionGuid = {9935B660-75B3-4853-9189-A89F14EB64B7}
	EndGlobalSection
EndGlobal
