
Microsoft Visual Studio Solution File, Format Version 12.00
# Visual Studio Version 17
VisualStudioVersion = 17.13.35919.96 d17.13
MinimumVisualStudioVersion = 10.0.40219.1
Project("{FAE04EC0-301F-11D3-BF4B-00C04F79EFBC}") = "2.TipuriDeDate", "2.TipuriDeDate\2.TipuriDeDate.csproj", "{C6F09703-6CA6-481F-BB3F-3224D200C8CB}"
EndProject
Global
	GlobalSection(SolutionConfigurationPlatforms) = preSolution
		Debug|Any CPU = Debug|Any CPU
		Release|Any CPU = Release|Any CPU
	EndGlobalSection
	GlobalSection(ProjectConfigurationPlatforms) = postSolution
		{C6F09703-6CA6-481F-BB3F-3224D200C8CB}.Debug|Any CPU.ActiveCfg = Debug|Any CPU
		{C6F09703-6CA6-481F-BB3F-3224D200C8CB}.Debug|Any CPU.Build.0 = Debug|Any CPU
		{C6F09703-6CA6-481F-BB3F-3224D200C8CB}.Release|Any CPU.ActiveCfg = Release|Any CPU
		{C6F09703-6CA6-481F-BB3F-3224D200C8CB}.Release|Any CPU.Build.0 = Release|Any CPU
	EndGlobalSection
	GlobalSection(SolutionProperties) = preSolution
		HideSolutionNode = FALSE
	EndGlobalSection
	GlobalSection(ExtensibilityGlobals) = postSolution
		SolutionGuid = {A2E3FD58-67AE-4089-9734-576DF236A52C}
	EndGlobalSection
EndGlobal
