
Microsoft Visual Studio Solution File, Format Version 12.00
# Visual Studio Version 17
VisualStudioVersion = 17.13.35919.96 d17.13
MinimumVisualStudioVersion = 10.0.40219.1
Project("{FAE04EC0-301F-11D3-BF4B-00C04F79EFBC}") = "8.Metode", "8.Metode\8.Metode.csproj", "{C0D16BA8-E784-497E-8474-C330A5F03A78}"
EndProject
Global
	GlobalSection(SolutionConfigurationPlatforms) = preSolution
		Debug|Any CPU = Debug|Any CPU
		Release|Any CPU = Release|Any CPU
	EndGlobalSection
	GlobalSection(ProjectConfigurationPlatforms) = postSolution
		{C0D16BA8-E784-497E-8474-C330A5F03A78}.Debug|Any CPU.ActiveCfg = Debug|Any CPU
		{C0D16BA8-E784-497E-8474-C330A5F03A78}.Debug|Any CPU.Build.0 = Debug|Any CPU
		{C0D16BA8-E784-497E-8474-C330A5F03A78}.Release|Any CPU.ActiveCfg = Release|Any CPU
		{C0D16BA8-E784-497E-8474-C330A5F03A78}.Release|Any CPU.Build.0 = Release|Any CPU
	EndGlobalSection
	GlobalSection(SolutionProperties) = preSolution
		HideSolutionNode = FALSE
	EndGlobalSection
	GlobalSection(ExtensibilityGlobals) = postSolution
		SolutionGuid = {94955567-8EE1-4C6A-8147-8E85F7FDE23F}
	EndGlobalSection
EndGlobal
