
Microsoft Visual Studio Solution File, Format Version 12.00
# Visual Studio Version 17
VisualStudioVersion = 17.13.35919.96 d17.13
MinimumVisualStudioVersion = 10.0.40219.1
Project("{FAE04EC0-301F-11D3-BF4B-00C04F79EFBC}") = "2.StructEnum", "2.StructEnum\2.StructEnum.csproj", "{22360F0D-827E-4541-98FB-5FDEB93E06BD}"
EndProject
Global
	GlobalSection(SolutionConfigurationPlatforms) = preSolution
		Debug|Any CPU = Debug|Any CPU
		Release|Any CPU = Release|Any CPU
	EndGlobalSection
	GlobalSection(ProjectConfigurationPlatforms) = postSolution
		{22360F0D-827E-4541-98FB-5FDEB93E06BD}.Debug|Any CPU.ActiveCfg = Debug|Any CPU
		{22360F0D-827E-4541-98FB-5FDEB93E06BD}.Debug|Any CPU.Build.0 = Debug|Any CPU
		{22360F0D-827E-4541-98FB-5FDEB93E06BD}.Release|Any CPU.ActiveCfg = Release|Any CPU
		{22360F0D-827E-4541-98FB-5FDEB93E06BD}.Release|Any CPU.Build.0 = Release|Any CPU
	EndGlobalSection
	GlobalSection(SolutionProperties) = preSolution
		HideSolutionNode = FALSE
	EndGlobalSection
	GlobalSection(ExtensibilityGlobals) = postSolution
		SolutionGuid = {75FB6A91-344D-4430-9D8C-4A3D7EA97EF6}
	EndGlobalSection
EndGlobal
