
Microsoft Visual Studio Solution File, Format Version 12.00
# Visual Studio Version 17
VisualStudioVersion = 17.13.35919.96 d17.13
MinimumVisualStudioVersion = 10.0.40219.1
Project("{FAE04EC0-301F-11D3-BF4B-00C04F79EFBC}") = "6.LucrulCuCifreleUnuiNumar", "6.LucrulCuCifreleUnuiNumar\6.LucrulCuCifreleUnuiNumar.csproj", "{3EA4794B-B043-45D4-9778-49DE2F3C4914}"
EndProject
Global
	GlobalSection(SolutionConfigurationPlatforms) = preSolution
		Debug|Any CPU = Debug|Any CPU
		Release|Any CPU = Release|Any CPU
	EndGlobalSection
	GlobalSection(ProjectConfigurationPlatforms) = postSolution
		{3EA4794B-B043-45D4-9778-49DE2F3C4914}.Debug|Any CPU.ActiveCfg = Debug|Any CPU
		{3EA4794B-B043-45D4-9778-49DE2F3C4914}.Debug|Any CPU.Build.0 = Debug|Any CPU
		{3EA4794B-B043-45D4-9778-49DE2F3C4914}.Release|Any CPU.ActiveCfg = Release|Any CPU
		{3EA4794B-B043-45D4-9778-49DE2F3C4914}.Release|Any CPU.Build.0 = Release|Any CPU
	EndGlobalSection
	GlobalSection(SolutionProperties) = preSolution
		HideSolutionNode = FALSE
	EndGlobalSection
	GlobalSection(ExtensibilityGlobals) = postSolution
		SolutionGuid = {5D1A4B23-E337-481D-BF13-75946C5B54DD}
	EndGlobalSection
EndGlobal
