
Microsoft Visual Studio Solution File, Format Version 12.00
# Visual Studio Version 17
VisualStudioVersion = 17.13.35919.96 d17.13
MinimumVisualStudioVersion = 10.0.40219.1
Project("{FAE04EC0-301F-11D3-BF4B-00C04F79EFBC}") = "Introducere", "Introducere\Introducere.csproj", "{1956F499-6AA2-43BA-A629-884886B21E62}"
EndProject
Global
	GlobalSection(SolutionConfigurationPlatforms) = preSolution
		Debug|Any CPU = Debug|Any CPU
		Release|Any CPU = Release|Any CPU
	EndGlobalSection
	GlobalSection(ProjectConfigurationPlatforms) = postSolution
		{1956F499-6AA2-43BA-A629-884886B21E62}.Debug|Any CPU.ActiveCfg = Debug|Any CPU
		{1956F499-6AA2-43BA-A629-884886B21E62}.Debug|Any CPU.Build.0 = Debug|Any CPU
		{1956F499-6AA2-43BA-A629-884886B21E62}.Release|Any CPU.ActiveCfg = Release|Any CPU
		{1956F499-6AA2-43BA-A629-884886B21E62}.Release|Any CPU.Build.0 = Release|Any CPU
	EndGlobalSection
	GlobalSection(SolutionProperties) = preSolution
		HideSolutionNode = FALSE
	EndGlobalSection
	GlobalSection(ExtensibilityGlobals) = postSolution
		SolutionGuid = {57D6A45F-EA9A-44B7-BBF5-6BB02B80EF5F}
	EndGlobalSection
EndGlobal
